
Microsoft Visual Studio Solution File, Format Version 12.00
# Visual Studio Version 16
VisualStudioVersion = 16.0.30611.23
MinimumVisualStudioVersion = 10.0.40219.1
Project("{9A19103F-16F7-4668-BE54-9A1E7A4F7556}") = "Vote", "Vote\Vote.csproj", "{848DC95B-623E-4A63-AE0E-7180A05F9BE9}"
EndProject
Project("{9A19103F-16F7-4668-BE54-9A1E7A4F7556}") = "VoteServer", "VoteServer\VoteServer.csproj", "{64AF93A2-C626-40B8-AE87-411EFC8B3842}"
EndProject
Project("{FAE04EC0-301F-11D3-BF4B-00C04F79EFBC}") = "Vote.Models", "Vote.Models\Vote.Models.csproj", "{06AA7AB6-D9F1-4B28-83F5-287DC56D0BA4}"
EndProject
Global
	GlobalSection(SolutionConfigurationPlatforms) = preSolution
		Debug|Any CPU = Debug|Any CPU
		Release|Any CPU = Release|Any CPU
	EndGlobalSection
	GlobalSection(ProjectConfigurationPlatforms) = postSolution
		{848DC95B-623E-4A63-AE0E-7180A05F9BE9}.Debug|Any CPU.ActiveCfg = Debug|Any CPU
		{848DC95B-623E-4A63-AE0E-7180A05F9BE9}.Debug|Any CPU.Build.0 = Debug|Any CPU
		{848DC95B-623E-4A63-AE0E-7180A05F9BE9}.Release|Any CPU.ActiveCfg = Release|Any CPU
		{848DC95B-623E-4A63-AE0E-7180A05F9BE9}.Release|Any CPU.Build.0 = Release|Any CPU
		{64AF93A2-C626-40B8-AE87-411EFC8B3842}.Debug|Any CPU.ActiveCfg = Debug|Any CPU
		{64AF93A2-C626-40B8-AE87-411EFC8B3842}.Debug|Any CPU.Build.0 = Debug|Any CPU
		{64AF93A2-C626-40B8-AE87-411EFC8B3842}.Release|Any CPU.ActiveCfg = Release|Any CPU
		{64AF93A2-C626-40B8-AE87-411EFC8B3842}.Release|Any CPU.Build.0 = Release|Any CPU
		{06AA7AB6-D9F1-4B28-83F5-287DC56D0BA4}.Debug|Any CPU.ActiveCfg = Debug|Any CPU
		{06AA7AB6-D9F1-4B28-83F5-287DC56D0BA4}.Debug|Any CPU.Build.0 = Debug|Any CPU
		{06AA7AB6-D9F1-4B28-83F5-287DC56D0BA4}.Release|Any CPU.ActiveCfg = Release|Any CPU
		{06AA7AB6-D9F1-4B28-83F5-287DC56D0BA4}.Release|Any CPU.Build.0 = Release|Any CPU
	EndGlobalSection
	GlobalSection(SolutionProperties) = preSolution
		HideSolutionNode = FALSE
	EndGlobalSection
	GlobalSection(ExtensibilityGlobals) = postSolution
		SolutionGuid = {FAFD3AE5-5A6E-48E8-92E7-3D9449680A38}
	EndGlobalSection
EndGlobal
